
Microsoft Visual Studio Solution File, Format Version 12.00
# Visual Studio 15
VisualStudioVersion = 15.0.28307.136
MinimumVisualStudioVersion = 10.0.40219.1
Project("{FAE04EC0-301F-11D3-BF4B-00C04F79EFBC}") = "Oui", "Oui\Oui.csproj", "{FB362071-1970-4EE2-80BA-FDDDA6B27DB9}"
EndProject
Global
	GlobalSection(SolutionConfigurationPlatforms) = preSolution
		Debug|Any CPU = Debug|Any CPU
		Release|Any CPU = Release|Any CPU
	EndGlobalSection
	GlobalSection(ProjectConfigurationPlatforms) = postSolution
		{FB362071-1970-4EE2-80BA-FDDDA6B27DB9}.Debug|Any CPU.ActiveCfg = Debug|Any CPU
		{FB362071-1970-4EE2-80BA-FDDDA6B27DB9}.Debug|Any CPU.Build.0 = Debug|Any CPU
		{FB362071-1970-4EE2-80BA-FDDDA6B27DB9}.Release|Any CPU.ActiveCfg = Release|Any CPU
		{FB362071-1970-4EE2-80BA-FDDDA6B27DB9}.Release|Any CPU.Build.0 = Release|Any CPU
	EndGlobalSection
	GlobalSection(SolutionProperties) = preSolution
		HideSolutionNode = FALSE
	EndGlobalSection
	GlobalSection(ExtensibilityGlobals) = postSolution
		SolutionGuid = {764E1405-84B4-40A8-9E62-0081FB633F53}
	EndGlobalSection
EndGlobal
